
Microsoft Visual Studio Solution File, Format Version 12.00
# Visual Studio Version 16
VisualStudioVersion = 16.0.31321.278
MinimumVisualStudioVersion = 10.0.40219.1
Project("{FAE04EC0-301F-11D3-BF4B-00C04F79EFBC}") = "TDDChallenge.ConsoleApp", "TDDChallenge.ConsoleApp\TDDChallenge.ConsoleApp.csproj", "{21A9DE43-3E35-40EE-9B4D-DDDA54535012}"
EndProject
Project("{FAE04EC0-301F-11D3-BF4B-00C04F79EFBC}") = "TDDChallenge.Tests", "TDDChallenge.Tests\TDDChallenge.Tests.csproj", "{65E48C57-0136-4623-8AAA-AFFAAD956E9D}"
EndProject
Project("{FAE04EC0-301F-11D3-BF4B-00C04F79EFBC}") = "TDDChallenge.Services", "TDDChallenge.Services\TDDChallenge.Services.csproj", "{7076B38C-5447-4F5C-A699-8122BF6C96FE}"
EndProject
Global
	GlobalSection(SolutionConfigurationPlatforms) = preSolution
		Debug|Any CPU = Debug|Any CPU
		Release|Any CPU = Release|Any CPU
	EndGlobalSection
	GlobalSection(ProjectConfigurationPlatforms) = postSolution
		{21A9DE43-3E35-40EE-9B4D-DDDA54535012}.Debug|Any CPU.ActiveCfg = Debug|Any CPU
		{21A9DE43-3E35-40EE-9B4D-DDDA54535012}.Debug|Any CPU.Build.0 = Debug|Any CPU
		{21A9DE43-3E35-40EE-9B4D-DDDA54535012}.Release|Any CPU.ActiveCfg = Release|Any CPU
		{21A9DE43-3E35-40EE-9B4D-DDDA54535012}.Release|Any CPU.Build.0 = Release|Any CPU
		{65E48C57-0136-4623-8AAA-AFFAAD956E9D}.Debug|Any CPU.ActiveCfg = Debug|Any CPU
		{65E48C57-0136-4623-8AAA-AFFAAD956E9D}.Debug|Any CPU.Build.0 = Debug|Any CPU
		{65E48C57-0136-4623-8AAA-AFFAAD956E9D}.Release|Any CPU.ActiveCfg = Release|Any CPU
		{65E48C57-0136-4623-8AAA-AFFAAD956E9D}.Release|Any CPU.Build.0 = Release|Any CPU
		{7076B38C-5447-4F5C-A699-8122BF6C96FE}.Debug|Any CPU.ActiveCfg = Debug|Any CPU
		{7076B38C-5447-4F5C-A699-8122BF6C96FE}.Debug|Any CPU.Build.0 = Debug|Any CPU
		{7076B38C-5447-4F5C-A699-8122BF6C96FE}.Release|Any CPU.ActiveCfg = Release|Any CPU
		{7076B38C-5447-4F5C-A699-8122BF6C96FE}.Release|Any CPU.Build.0 = Release|Any CPU
	EndGlobalSection
	GlobalSection(SolutionProperties) = preSolution
		HideSolutionNode = FALSE
	EndGlobalSection
	GlobalSection(ExtensibilityGlobals) = postSolution
		SolutionGuid = {0792A6C1-DB1B-4CAA-BA03-FA4558429014}
	EndGlobalSection
EndGlobal
